Microsoft Visual Studio Solution File, Format Version 12.00
# Visual Studio Version 17
VisualStudioVersion = 17.5.2.0
MinimumVisualStudioVersion = 10.0.40219.1
Project("{FAE04EC0-301F-11D3-BF4B-00C04F79EFBC}") = "C_Sharp", "C_Sharp\C_Sharp.csproj", "{16CB32C9-FF37-BE7E-F6DF-6AE8B47790AB}"
EndProject
Global
	GlobalSection(SolutionConfigurationPlatforms) = preSolution
		Debug|Any CPU = Debug|Any CPU
		Release|Any CPU = Release|Any CPU
	EndGlobalSection
	GlobalSection(ProjectConfigurationPlatforms) = postSolution
		{16CB32C9-FF37-BE7E-F6DF-6AE8B47790AB}.Debug|Any CPU.ActiveCfg = Debug|Any CPU
		{16CB32C9-FF37-BE7E-F6DF-6AE8B47790AB}.Debug|Any CPU.Build.0 = Debug|Any CPU
		{16CB32C9-FF37-BE7E-F6DF-6AE8B47790AB}.Release|Any CPU.ActiveCfg = Release|Any CPU
		{16CB32C9-FF37-BE7E-F6DF-6AE8B47790AB}.Release|Any CPU.Build.0 = Release|Any CPU
	EndGlobalSection
	GlobalSection(SolutionProperties) = preSolution
		HideSolutionNode = FALSE
	EndGlobalSection
	GlobalSection(ExtensibilityGlobals) = postSolution
		SolutionGuid = {5CFFF556-94A0-41C1-9A8A-A3A93D2B4A3C}
	EndGlobalSection
EndGlobal
